# THIS IS AN AUTOGENERATED FILE. DO NOT EDIT THIS FILE DIRECTLY.
# yarn lockfile v1


htm@^3.1.0:
  version "3.1.0"
  resolved "https://registry.yarnpkg.com/htm/-/htm-3.1.0.tgz#0c305493b60da9f6ed097a2aaf4c994bd85ea022"
  integrity sha512-L0s3Sid5r6YwrEvkig14SK3Emmc+kIjlfLhEGn2Vy3bk21JyDEes4MoDsbJk6luaPp8bugErnxPz86ZuAw6e5Q==
